
Microsoft Visual Studio Solution File, Format Version 12.00
# Visual Studio 2012
Project("{FAE04EC0-301F-11D3-BF4B-00C04F79EFBC}") = "TimePickerDemo.iOS", "TimePickerDemo.iOS\TimePickerDemo.iOS.csproj", "{B35C1799-D921-429A-8D20-A9AD99FDF84D}"
EndProject
Project("{FAE04EC0-301F-11D3-BF4B-00C04F79EFBC}") = "TimePickerDemo.Droid", "TimePickerDemo.Droid\TimePickerDemo.Droid.csproj", "{CE23542E-8115-4D6C-AC3A-1B7927A70450}"
EndProject
Project("{FAE04EC0-301F-11D3-BF4B-00C04F79EFBC}") = "TimePickerDemo", "TimePickerDemo\TimePickerDemo.csproj", "{3B8E7DCA-F0C9-4A08-ADE9-B08BA8092E0B}"
EndProject
Project("{2150E333-8FDC-42A3-9474-1A3956D46DE8}") = "Solution Items", "Solution Items", "{1DCFAEC5-30DF-458A-B956-93A5A9CBD84B}"
	ProjectSection(SolutionItems) = preProject
		Directory.Build.props = Directory.Build.props
	EndProjectSection
EndProject
Global
	GlobalSection(SolutionConfigurationPlatforms) = preSolution
		Debug|Any CPU = Debug|Any CPU
		Release|Any CPU = Release|Any CPU
		Debug|iPhoneSimulator = Debug|iPhoneSimulator
		Release|iPhone = Release|iPhone
		Release|iPhoneSimulator = Release|iPhoneSimulator
		Debug|iPhone = Debug|iPhone
	EndGlobalSection
	GlobalSection(ProjectConfigurationPlatforms) = postSolution
		{B35C1799-D921-429A-8D20-A9AD99FDF84D}.Debug|Any CPU.ActiveCfg = Debug|iPhoneSimulator
		{B35C1799-D921-429A-8D20-A9AD99FDF84D}.Debug|Any CPU.Build.0 = Debug|iPhoneSimulator
		{B35C1799-D921-429A-8D20-A9AD99FDF84D}.Release|Any CPU.ActiveCfg = Release|iPhone
		{B35C1799-D921-429A-8D20-A9AD99FDF84D}.Release|Any CPU.Build.0 = Release|iPhone
		{B35C1799-D921-429A-8D20-A9AD99FDF84D}.Debug|iPhoneSimulator.ActiveCfg = Debug|iPhoneSimulator
		{B35C1799-D921-429A-8D20-A9AD99FDF84D}.Debug|iPhoneSimulator.Build.0 = Debug|iPhoneSimulator
		{B35C1799-D921-429A-8D20-A9AD99FDF84D}.Release|iPhone.ActiveCfg = Release|iPhone
		{B35C1799-D921-429A-8D20-A9AD99FDF84D}.Release|iPhone.Build.0 = Release|iPhone
		{B35C1799-D921-429A-8D20-A9AD99FDF84D}.Release|iPhoneSimulator.ActiveCfg = Release|iPhoneSimulator
		{B35C1799-D921-429A-8D20-A9AD99FDF84D}.Release|iPhoneSimulator.Build.0 = Release|iPhoneSimulator
		{B35C1799-D921-429A-8D20-A9AD99FDF84D}.Debug|iPhone.ActiveCfg = Debug|iPhone
		{B35C1799-D921-429A-8D20-A9AD99FDF84D}.Debug|iPhone.Build.0 = Debug|iPhone
		{CE23542E-8115-4D6C-AC3A-1B7927A70450}.Debug|Any CPU.ActiveCfg = Debug|Any CPU
		{CE23542E-8115-4D6C-AC3A-1B7927A70450}.Debug|Any CPU.Build.0 = Debug|Any CPU
		{CE23542E-8115-4D6C-AC3A-1B7927A70450}.Release|Any CPU.ActiveCfg = Release|Any CPU
		{CE23542E-8115-4D6C-AC3A-1B7927A70450}.Release|Any CPU.Build.0 = Release|Any CPU
		{CE23542E-8115-4D6C-AC3A-1B7927A70450}.Debug|iPhoneSimulator.ActiveCfg = Debug|Any CPU
		{CE23542E-8115-4D6C-AC3A-1B7927A70450}.Debug|iPhoneSimulator.Build.0 = Debug|Any CPU
		{CE23542E-8115-4D6C-AC3A-1B7927A70450}.Release|iPhone.ActiveCfg = Release|Any CPU
		{CE23542E-8115-4D6C-AC3A-1B7927A70450}.Release|iPhone.Build.0 = Release|Any CPU
		{CE23542E-8115-4D6C-AC3A-1B7927A70450}.Release|iPhoneSimulator.ActiveCfg = Release|Any CPU
		{CE23542E-8115-4D6C-AC3A-1B7927A70450}.Release|iPhoneSimulator.Build.0 = Release|Any CPU
		{CE23542E-8115-4D6C-AC3A-1B7927A70450}.Debug|iPhone.ActiveCfg = Debug|Any CPU
		{CE23542E-8115-4D6C-AC3A-1B7927A70450}.Debug|iPhone.Build.0 = Debug|Any CPU
		{3B8E7DCA-F0C9-4A08-ADE9-B08BA8092E0B}.Debug|Any CPU.ActiveCfg = Debug|Any CPU
		{3B8E7DCA-F0C9-4A08-ADE9-B08BA8092E0B}.Debug|Any CPU.Build.0 = Debug|Any CPU
		{3B8E7DCA-F0C9-4A08-ADE9-B08BA8092E0B}.Release|Any CPU.ActiveCfg = Release|Any CPU
		{3B8E7DCA-F0C9-4A08-ADE9-B08BA8092E0B}.Release|Any CPU.Build.0 = Release|Any CPU
		{3B8E7DCA-F0C9-4A08-ADE9-B08BA8092E0B}.Debug|iPhoneSimulator.ActiveCfg = Debug|Any CPU
		{3B8E7DCA-F0C9-4A08-ADE9-B08BA8092E0B}.Debug|iPhoneSimulator.Build.0 = Debug|Any CPU
		{3B8E7DCA-F0C9-4A08-ADE9-B08BA8092E0B}.Release|iPhone.ActiveCfg = Release|Any CPU
		{3B8E7DCA-F0C9-4A08-ADE9-B08BA8092E0B}.Release|iPhone.Build.0 = Release|Any CPU
		{3B8E7DCA-F0C9-4A08-ADE9-B08BA8092E0B}.Release|iPhoneSimulator.ActiveCfg = Release|Any CPU
		{3B8E7DCA-F0C9-4A08-ADE9-B08BA8092E0B}.Release|iPhoneSimulator.Build.0 = Release|Any CPU
		{3B8E7DCA-F0C9-4A08-ADE9-B08BA8092E0B}.Debug|iPhone.ActiveCfg = Debug|Any CPU
		{3B8E7DCA-F0C9-4A08-ADE9-B08BA8092E0B}.Debug|iPhone.Build.0 = Debug|Any CPU
	EndGlobalSection
EndGlobal
